// !$*UTF8*$!
{
	archiveVersion = 1;
	classes = {
	};
	objectVersion = 46;
	objects = {

/* Begin PBXBuildFile section */
		10793868199A7B9B00E0E043 /* Twitter.png in Resources */ = {isa = PBXBuildFile; fileRef = 10793867199A7B9B00E0E043 /* Twitter.png */; };
		1079386B199A7BA800E0E043 /* fb.png in Resources */ = {isa = PBXBuildFile; fileRef = 10793869199A7BA800E0E043 /* fb.png */; };
		1079386C199A7BA800E0E043 /* fb@2x.png in Resources */ = {isa = PBXBuildFile; fileRef = 1079386A199A7BA800E0E043 /* fb@2x.png */; };
		80C8B8411990F7A30080290F /* Parse.framework in Frameworks */ = {isa = PBXBuildFile; fileRef = 80C8B8401990F7A30080290F /* Parse.framework */; };
		80C8B8431990F7C70080290F /* AudioToolbox.framework in Frameworks */ = {isa = PBXBuildFile; fileRef = 80C8B8421990F7C70080290F /* AudioToolbox.framework */; };
		80C8B8451990F7CD0080290F /* CFNetwork.framework in Frameworks */ = {isa = PBXBuildFile; fileRef = 80C8B8441990F7CD0080290F /* CFNetwork.framework */; };
		80C8B8471990F7DB0080290F /* CoreLocation.framework in Frameworks */ = {isa = PBXBuildFile; fileRef = 80C8B8461990F7DB0080290F /* CoreLocation.framework */; };
		80C8B8491990F7E40080290F /* libz.dylib in Frameworks */ = {isa = PBXBuildFile; fileRef = 80C8B8481990F7E40080290F /* libz.dylib */; };
		80C8B84B1990F7E90080290F /* MobileCoreServices.framework in Frameworks */ = {isa = PBXBuildFile; fileRef = 80C8B84A1990F7E90080290F /* MobileCoreServices.framework */; };
		80C8B84D1990F7EE0080290F /* QuartzCore.framework in Frameworks */ = {isa = PBXBuildFile; fileRef = 80C8B84C1990F7EE0080290F /* QuartzCore.framework */; };
		80C8B84F1990F7F50080290F /* Security.framework in Frameworks */ = {isa = PBXBuildFile; fileRef = 80C8B84E1990F7F50080290F /* Security.framework */; };
		80C8B8511990F7FB0080290F /* StoreKit.framework in Frameworks */ = {isa = PBXBuildFile; fileRef = 80C8B8501990F7FB0080290F /* StoreKit.framework */; };
		80C8B8531990F8010080290F /* SystemConfiguration.framework in Frameworks */ = {isa = PBXBuildFile; fileRef = 80C8B8521990F8010080290F /* SystemConfiguration.framework */; };
		80C8B8561990FCA50080290F /* Question.m in Sources */ = {isa = PBXBuildFile; fileRef = 80C8B8551990FCA50080290F /* Question.m */; };
		80C8B85A1991019A0080290F /* MenuVC.m in Sources */ = {isa = PBXBuildFile; fileRef = 80C8B8581991019A0080290F /* MenuVC.m */; };
		80C8B85B1991019A0080290F /* MenuVC.xib in Resources */ = {isa = PBXBuildFile; fileRef = 80C8B8591991019A0080290F /* MenuVC.xib */; };
		80C8B860199212310080290F /* AnswerVC.m in Sources */ = {isa = PBXBuildFile; fileRef = 80C8B85E199212310080290F /* AnswerVC.m */; };
		80C8B861199212310080290F /* AnswerVC.xib in Resources */ = {isa = PBXBuildFile; fileRef = 80C8B85F199212310080290F /* AnswerVC.xib */; };
		80C8B8641992351B0080290F /* OneRound.m in Sources */ = {isa = PBXBuildFile; fileRef = 80C8B8631992351B0080290F /* OneRound.m */; };
		80C8B8921998E0490080290F /* FMDatabase.m in Sources */ = {isa = PBXBuildFile; fileRef = 80C8B8881998E0490080290F /* FMDatabase.m */; };
		80C8B8931998E0490080290F /* FMDatabaseAdditions.m in Sources */ = {isa = PBXBuildFile; fileRef = 80C8B88A1998E0490080290F /* FMDatabaseAdditions.m */; };
		80C8B8941998E0490080290F /* FMDatabasePool.m in Sources */ = {isa = PBXBuildFile; fileRef = 80C8B88C1998E0490080290F /* FMDatabasePool.m */; };
		80C8B8951998E0490080290F /* FMDatabaseQueue.m in Sources */ = {isa = PBXBuildFile; fileRef = 80C8B88E1998E0490080290F /* FMDatabaseQueue.m */; };
		80C8B8961998E0490080290F /* FMResultSet.m in Sources */ = {isa = PBXBuildFile; fileRef = 80C8B8911998E0490080290F /* FMResultSet.m */; };
		80C8B89D1999C81B0080290F /* FavoriteVC.m in Sources */ = {isa = PBXBuildFile; fileRef = 80C8B89B1999C81B0080290F /* FavoriteVC.m */; };
		80C8B89E1999C81B0080290F /* FavoriteVC.xib in Resources */ = {isa = PBXBuildFile; fileRef = 80C8B89C1999C81B0080290F /* FavoriteVC.xib */; };
		80C8B8A3199A0C530080290F /* OK.png in Resources */ = {isa = PBXBuildFile; fileRef = 80C8B89F199A0C530080290F /* OK.png */; };
		80C8B8A4199A0C530080290F /* OK@2x.png in Resources */ = {isa = PBXBuildFile; fileRef = 80C8B8A0199A0C530080290F /* OK@2x.png */; };
		80C8B8A5199A0C530080290F /* Wrong.png in Resources */ = {isa = PBXBuildFile; fileRef = 80C8B8A1199A0C530080290F /* Wrong.png */; };
		80C8B8A6199A0C530080290F /* Wrong@2x.png in Resources */ = {isa = PBXBuildFile; fileRef = 80C8B8A2199A0C530080290F /* Wrong@2x.png */; };
		80C8B8AB199A2DFB0080290F /* FullQuestionInfoVC.m in Sources */ = {isa = PBXBuildFile; fileRef = 80C8B8A9199A2DFB0080290F /* FullQuestionInfoVC.m */; };
		80C8B8AC199A2DFB0080290F /* FullQuestionInfoVC.xib in Resources */ = {isa = PBXBuildFile; fileRef = 80C8B8AA199A2DFB0080290F /* FullQuestionInfoVC.xib */; };
		842E5BC31998AAD70062E582 /* DB.m in Sources */ = {isa = PBXBuildFile; fileRef = 842E5BC21998AAD70062E582 /* DB.m */; };
		842E5BDF1998ADA00062E582 /* libsqlite3.0.dylib in Frameworks */ = {isa = PBXBuildFile; fileRef = 842E5BDE1998ADA00062E582 /* libsqlite3.0.dylib */; };
		842E5BF3199A02550062E582 /* FinalVC.m in Sources */ = {isa = PBXBuildFile; fileRef = 842E5BF1199A02540062E582 /* FinalVC.m */; };
		842E5BF4199A02550062E582 /* FinalVC.xib in Resources */ = {isa = PBXBuildFile; fileRef = 842E5BF2199A02540062E582 /* FinalVC.xib */; };
		84980408199B671000AE3E6F /* favorite.png in Resources */ = {isa = PBXBuildFile; fileRef = 84980406199B671000AE3E6F /* favorite.png */; };
		84980409199B671000AE3E6F /* favorite_on.png in Resources */ = {isa = PBXBuildFile; fileRef = 84980407199B671000AE3E6F /* favorite_on.png */; };
		8498040D199B7C9900AE3E6F /* showQuestionVC.m in Sources */ = {isa = PBXBuildFile; fileRef = 8498040B199B7C9900AE3E6F /* showQuestionVC.m */; };
		8498040E199B7C9900AE3E6F /* showQuestionVC.xib in Resources */ = {isa = PBXBuildFile; fileRef = 8498040C199B7C9900AE3E6F /* showQuestionVC.xib */; };
		849F74591990C5A40051CF7E /* QuestionVC.m in Sources */ = {isa = PBXBuildFile; fileRef = 849F74571990C5A40051CF7E /* QuestionVC.m */; };
		849F745A1990C5A40051CF7E /* QuestionVC.xib in Resources */ = {isa = PBXBuildFile; fileRef = 849F74581990C5A40051CF7E /* QuestionVC.xib */; };
		849F745D1990D7760051CF7E /* timerIcon.png in Resources */ = {isa = PBXBuildFile; fileRef = 849F745B1990D7760051CF7E /* timerIcon.png */; };
		849F745E1990D7760051CF7E /* timerIcon@2x.png in Resources */ = {isa = PBXBuildFile; fileRef = 849F745C1990D7760051CF7E /* timerIcon@2x.png */; };
		84DE108D198603860058C5B4 /* Foundation.framework in Frameworks */ = {isa = PBXBuildFile; fileRef = 84DE108C198603860058C5B4 /* Foundation.framework */; };
		84DE108F198603860058C5B4 /* CoreGraphics.framework in Frameworks */ = {isa = PBXBuildFile; fileRef = 84DE108E198603860058C5B4 /* CoreGraphics.framework */; };
		84DE1091198603860058C5B4 /* UIKit.framework in Frameworks */ = {isa = PBXBuildFile; fileRef = 84DE1090198603860058C5B4 /* UIKit.framework */; };
		84DE1097198603860058C5B4 /* InfoPlist.strings in Resources */ = {isa = PBXBuildFile; fileRef = 84DE1095198603860058C5B4 /* InfoPlist.strings */; };
		84DE1099198603860058C5B4 /* main.m in Sources */ = {isa = PBXBuildFile; fileRef = 84DE1098198603860058C5B4 /* main.m */; };
		84DE109D198603860058C5B4 /* AppDelegate.m in Sources */ = {isa = PBXBuildFile; fileRef = 84DE109C198603860058C5B4 /* AppDelegate.m */; };
		84DE109F198603860058C5B4 /* Images.xcassets in Resources */ = {isa = PBXBuildFile; fileRef = 84DE109E198603860058C5B4 /* Images.xcassets */; };
		84DE10A6198603860058C5B4 /* XCTest.framework in Frameworks */ = {isa = PBXBuildFile; fileRef = 84DE10A5198603860058C5B4 /* XCTest.framework */; };
		84DE10A7198603860058C5B4 /* Foundation.framework in Frameworks */ = {isa = PBXBuildFile; fileRef = 84DE108C198603860058C5B4 /* Foundation.framework */; };
		84DE10A8198603860058C5B4 /* UIKit.framework in Frameworks */ = {isa = PBXBuildFile; fileRef = 84DE1090198603860058C5B4 /* UIKit.framework */; };
		84DE10B0198603860058C5B4 /* InfoPlist.strings in Resources */ = {isa = PBXBuildFile; fileRef = 84DE10AE198603860058C5B4 /* InfoPlist.strings */; };
		84DE10B2198603860058C5B4 /* chgkTests.m in Sources */ = {isa = PBXBuildFile; fileRef = 84DE10B1198603860058C5B4 /* chgkTests.m */; };
/* End PBXBuildFile section */

/* Begin PBXContainerItemProxy section */
		84DE10A9198603860058C5B4 /* PBXContainerItemProxy */ = {
			isa = PBXContainerItemProxy;
			containerPortal = 84DE1081198603860058C5B4 /* Project object */;
			proxyType = 1;
			remoteGlobalIDString = 84DE1088198603860058C5B4;
			remoteInfo = chgk;
		};
/* End PBXContainerItemProxy section */

/* Begin PBXFileReference section */
		10793867199A7B9B00E0E043 /* Twitter.png */ = {isa = PBXFileReference; lastKnownFileType = image.png; path = Twitter.png; sourceTree = "<group>"; };
		10793869199A7BA800E0E043 /* fb.png */ = {isa = PBXFileReference; lastKnownFileType = image.png; path = fb.png; sourceTree = "<group>"; };
		1079386A199A7BA800E0E043 /* fb@2x.png */ = {isa = PBXFileReference; lastKnownFileType = image.png; path = "fb@2x.png"; sourceTree = "<group>"; };
		80C8B8401990F7A30080290F /* Parse.framework */ = {isa = PBXFileReference; lastKnownFileType = wrapper.framework; path = Parse.framework; sourceTree = "<group>"; };
		80C8B8421990F7C70080290F /* AudioToolbox.framework */ = {isa = PBXFileReference; lastKnownFileType = wrapper.framework; name = AudioToolbox.framework; path = System/Library/Frameworks/AudioToolbox.framework; sourceTree = SDKROOT; };
		80C8B8441990F7CD0080290F /* CFNetwork.framework */ = {isa = PBXFileReference; lastKnownFileType = wrapper.framework; name = CFNetwork.framework; path = System/Library/Frameworks/CFNetwork.framework; sourceTree = SDKROOT; };
		80C8B8461990F7DB0080290F /* CoreLocation.framework */ = {isa = PBXFileReference; lastKnownFileType = wrapper.framework; name = CoreLocation.framework; path = System/Library/Frameworks/CoreLocation.framework; sourceTree = SDKROOT; };
		80C8B8481990F7E40080290F /* libz.dylib */ = {isa = PBXFileReference; lastKnownFileType = "compiled.mach-o.dylib"; name = libz.dylib; path = usr/lib/libz.dylib; sourceTree = SDKROOT; };
		80C8B84A1990F7E90080290F /* MobileCoreServices.framework */ = {isa = PBXFileReference; lastKnownFileType = wrapper.framework; name = MobileCoreServices.framework; path = System/Library/Frameworks/MobileCoreServices.framework; sourceTree = SDKROOT; };
		80C8B84C1990F7EE0080290F /* QuartzCore.framework */ = {isa = PBXFileReference; lastKnownFileType = wrapper.framework; name = QuartzCore.framework; path = System/Library/Frameworks/QuartzCore.framework; sourceTree = SDKROOT; };
		80C8B84E1990F7F50080290F /* Security.framework */ = {isa = PBXFileReference; lastKnownFileType = wrapper.framework; name = Security.framework; path = System/Library/Frameworks/Security.framework; sourceTree = SDKROOT; };
		80C8B8501990F7FB0080290F /* StoreKit.framework */ = {isa = PBXFileReference; lastKnownFileType = wrapper.framework; name = StoreKit.framework; path = System/Library/Frameworks/StoreKit.framework; sourceTree = SDKROOT; };
		80C8B8521990F8010080290F /* SystemConfiguration.framework */ = {isa = PBXFileReference; lastKnownFileType = wrapper.framework; name = SystemConfiguration.framework; path = System/Library/Frameworks/SystemConfiguration.framework; sourceTree = SDKROOT; };
		80C8B8541990FCA50080290F /* Question.h */ = {isa = PBXFileReference; fileEncoding = 4; lastKnownFileType = sourcecode.c.h; path = Question.h; sourceTree = "<group>"; };
		80C8B8551990FCA50080290F /* Question.m */ = {isa = PBXFileReference; fileEncoding = 4; lastKnownFileType = sourcecode.c.objc; path = Question.m; sourceTree = "<group>"; };
		80C8B8571991019A0080290F /* MenuVC.h */ = {isa = PBXFileReference; fileEncoding = 4; lastKnownFileType = sourcecode.c.h; path = MenuVC.h; sourceTree = "<group>"; };
		80C8B8581991019A0080290F /* MenuVC.m */ = {isa = PBXFileReference; fileEncoding = 4; lastKnownFileType = sourcecode.c.objc; path = MenuVC.m; sourceTree = "<group>"; };
		80C8B8591991019A0080290F /* MenuVC.xib */ = {isa = PBXFileReference; fileEncoding = 4; lastKnownFileType = file.xib; path = MenuVC.xib; sourceTree = "<group>"; };
		80C8B85C1991F8290080290F /* ContinueDelegate.h */ = {isa = PBXFileReference; fileEncoding = 4; lastKnownFileType = sourcecode.c.h; path = ContinueDelegate.h; sourceTree = "<group>"; };
		80C8B85D199212310080290F /* AnswerVC.h */ = {isa = PBXFileReference; fileEncoding = 4; lastKnownFileType = sourcecode.c.h; path = AnswerVC.h; sourceTree = "<group>"; };
		80C8B85E199212310080290F /* AnswerVC.m */ = {isa = PBXFileReference; fileEncoding = 4; lastKnownFileType = sourcecode.c.objc; path = AnswerVC.m; sourceTree = "<group>"; };
		80C8B85F199212310080290F /* AnswerVC.xib */ = {isa = PBXFileReference; fileEncoding = 4; lastKnownFileType = file.xib; path = AnswerVC.xib; sourceTree = "<group>"; };
		80C8B8621992351B0080290F /* OneRound.h */ = {isa = PBXFileReference; fileEncoding = 4; lastKnownFileType = sourcecode.c.h; path = OneRound.h; sourceTree = "<group>"; };
		80C8B8631992351B0080290F /* OneRound.m */ = {isa = PBXFileReference; fileEncoding = 4; lastKnownFileType = sourcecode.c.objc; path = OneRound.m; sourceTree = "<group>"; };
		80C8B8871998E0490080290F /* FMDatabase.h */ = {isa = PBXFileReference; fileEncoding = 4; lastKnownFileType = sourcecode.c.h; path = FMDatabase.h; sourceTree = "<group>"; };
		80C8B8881998E0490080290F /* FMDatabase.m */ = {isa = PBXFileReference; fileEncoding = 4; lastKnownFileType = sourcecode.c.objc; path = FMDatabase.m; sourceTree = "<group>"; };
		80C8B8891998E0490080290F /* FMDatabaseAdditions.h */ = {isa = PBXFileReference; fileEncoding = 4; lastKnownFileType = sourcecode.c.h; path = FMDatabaseAdditions.h; sourceTree = "<group>"; };
		80C8B88A1998E0490080290F /* FMDatabaseAdditions.m */ = {isa = PBXFileReference; fileEncoding = 4; lastKnownFileType = sourcecode.c.objc; path = FMDatabaseAdditions.m; sourceTree = "<group>"; };
		80C8B88B1998E0490080290F /* FMDatabasePool.h */ = {isa = PBXFileReference; fileEncoding = 4; lastKnownFileType = sourcecode.c.h; path = FMDatabasePool.h; sourceTree = "<group>"; };
		80C8B88C1998E0490080290F /* FMDatabasePool.m */ = {isa = PBXFileReference; fileEncoding = 4; lastKnownFileType = sourcecode.c.objc; path = FMDatabasePool.m; sourceTree = "<group>"; };
		80C8B88D1998E0490080290F /* FMDatabaseQueue.h */ = {isa = PBXFileReference; fileEncoding = 4; lastKnownFileType = sourcecode.c.h; path = FMDatabaseQueue.h; sourceTree = "<group>"; };
		80C8B88E1998E0490080290F /* FMDatabaseQueue.m */ = {isa = PBXFileReference; fileEncoding = 4; lastKnownFileType = sourcecode.c.objc; path = FMDatabaseQueue.m; sourceTree = "<group>"; };
		80C8B88F1998E0490080290F /* FMDB.h */ = {isa = PBXFileReference; fileEncoding = 4; lastKnownFileType = sourcecode.c.h; path = FMDB.h; sourceTree = "<group>"; };
		80C8B8901998E0490080290F /* FMResultSet.h */ = {isa = PBXFileReference; fileEncoding = 4; lastKnownFileType = sourcecode.c.h; path = FMResultSet.h; sourceTree = "<group>"; };
		80C8B8911998E0490080290F /* FMResultSet.m */ = {isa = PBXFileReference; fileEncoding = 4; lastKnownFileType = sourcecode.c.objc; path = FMResultSet.m; sourceTree = "<group>"; };
		80C8B89A1999C81B0080290F /* FavoriteVC.h */ = {isa = PBXFileReference; fileEncoding = 4; lastKnownFileType = sourcecode.c.h; path = FavoriteVC.h; sourceTree = "<group>"; };
		80C8B89B1999C81B0080290F /* FavoriteVC.m */ = {isa = PBXFileReference; fileEncoding = 4; lastKnownFileType = sourcecode.c.objc; path = FavoriteVC.m; sourceTree = "<group>"; };
		80C8B89C1999C81B0080290F /* FavoriteVC.xib */ = {isa = PBXFileReference; fileEncoding = 4; lastKnownFileType = file.xib; path = FavoriteVC.xib; sourceTree = "<group>"; };
		80C8B89F199A0C530080290F /* OK.png */ = {isa = PBXFileReference; lastKnownFileType = image.png; path = OK.png; sourceTree = "<group>"; };
		80C8B8A0199A0C530080290F /* OK@2x.png */ = {isa = PBXFileReference; lastKnownFileType = image.png; path = "OK@2x.png"; sourceTree = "<group>"; };
		80C8B8A1199A0C530080290F /* Wrong.png */ = {isa = PBXFileReference; lastKnownFileType = image.png; path = Wrong.png; sourceTree = "<group>"; };
		80C8B8A2199A0C530080290F /* Wrong@2x.png */ = {isa = PBXFileReference; lastKnownFileType = image.png; path = "Wrong@2x.png"; sourceTree = "<group>"; };
		80C8B8A8199A2DFB0080290F /* FullQuestionInfoVC.h */ = {isa = PBXFileReference; fileEncoding = 4; lastKnownFileType = sourcecode.c.h; path = FullQuestionInfoVC.h; sourceTree = "<group>"; };
		80C8B8A9199A2DFB0080290F /* FullQuestionInfoVC.m */ = {isa = PBXFileReference; fileEncoding = 4; lastKnownFileType = sourcecode.c.objc; path = FullQuestionInfoVC.m; sourceTree = "<group>"; };
		80C8B8AA199A2DFB0080290F /* FullQuestionInfoVC.xib */ = {isa = PBXFileReference; fileEncoding = 4; lastKnownFileType = file.xib; path = FullQuestionInfoVC.xib; sourceTree = "<group>"; };
		842E5BC11998AAD70062E582 /* DB.h */ = {isa = PBXFileReference; fileEncoding = 4; lastKnownFileType = sourcecode.c.h; path = DB.h; sourceTree = "<group>"; };
		842E5BC21998AAD70062E582 /* DB.m */ = {isa = PBXFileReference; fileEncoding = 4; lastKnownFileType = sourcecode.c.objc; path = DB.m; sourceTree = "<group>"; };
		842E5BDE1998ADA00062E582 /* libsqlite3.0.dylib */ = {isa = PBXFileReference; lastKnownFileType = "compiled.mach-o.dylib"; name = libsqlite3.0.dylib; path = usr/lib/libsqlite3.0.dylib; sourceTree = SDKROOT; };
		842E5BF0199A02540062E582 /* FinalVC.h */ = {isa = PBXFileReference; fileEncoding = 4; lastKnownFileType = sourcecode.c.h; path = FinalVC.h; sourceTree = "<group>"; };
		842E5BF1199A02540062E582 /* FinalVC.m */ = {isa = PBXFileReference; fileEncoding = 4; lastKnownFileType = sourcecode.c.objc; path = FinalVC.m; sourceTree = "<group>"; };
		842E5BF2199A02540062E582 /* FinalVC.xib */ = {isa = PBXFileReference; fileEncoding = 4; lastKnownFileType = file.xib; path = FinalVC.xib; sourceTree = "<group>"; };
		84980406199B671000AE3E6F /* favorite.png */ = {isa = PBXFileReference; lastKnownFileType = image.png; path = favorite.png; sourceTree = "<group>"; };
		84980407199B671000AE3E6F /* favorite_on.png */ = {isa = PBXFileReference; lastKnownFileType = image.png; path = favorite_on.png; sourceTree = "<group>"; };
		8498040A199B7C9900AE3E6F /* showQuestionVC.h */ = {isa = PBXFileReference; fileEncoding = 4; lastKnownFileType = sourcecode.c.h; path = showQuestionVC.h; sourceTree = "<group>"; };
		8498040B199B7C9900AE3E6F /* showQuestionVC.m */ = {isa = PBXFileReference; fileEncoding = 4; lastKnownFileType = sourcecode.c.objc; path = showQuestionVC.m; sourceTree = "<group>"; };
		8498040C199B7C9900AE3E6F /* showQuestionVC.xib */ = {isa = PBXFileReference; fileEncoding = 4; lastKnownFileType = file.xib; path = showQuestionVC.xib; sourceTree = "<group>"; };
		849F74561990C5A40051CF7E /* QuestionVC.h */ = {isa = PBXFileReference; fileEncoding = 4; lastKnownFileType = sourcecode.c.h; path = QuestionVC.h; sourceTree = "<group>"; };
		849F74571990C5A40051CF7E /* QuestionVC.m */ = {isa = PBXFileReference; fileEncoding = 4; lastKnownFileType = sourcecode.c.objc; path = QuestionVC.m; sourceTree = "<group>"; };
		849F74581990C5A40051CF7E /* QuestionVC.xib */ = {isa = PBXFileReference; fileEncoding = 4; lastKnownFileType = file.xib; path = QuestionVC.xib; sourceTree = "<group>"; };
		849F745B1990D7760051CF7E /* timerIcon.png */ = {isa = PBXFileReference; lastKnownFileType = image.png; name = timerIcon.png; path = resources/timerIcon.png; sourceTree = "<group>"; };
		849F745C1990D7760051CF7E /* timerIcon@2x.png */ = {isa = PBXFileReference; lastKnownFileType = image.png; name = "timerIcon@2x.png"; path = "resources/timerIcon@2x.png"; sourceTree = "<group>"; };
		84DE1089198603860058C5B4 /* chgk.app */ = {isa = PBXFileReference; explicitFileType = wrapper.application; includeInIndex = 0; path = chgk.app; sourceTree = BUILT_PRODUCTS_DIR; };
		84DE108C198603860058C5B4 /* Foundation.framework */ = {isa = PBXFileReference; lastKnownFileType = wrapper.framework; name = Foundation.framework; path = System/Library/Frameworks/Foundation.framework; sourceTree = SDKROOT; };
		84DE108E198603860058C5B4 /* CoreGraphics.framework */ = {isa = PBXFileReference; lastKnownFileType = wrapper.framework; name = CoreGraphics.framework; path = System/Library/Frameworks/CoreGraphics.framework; sourceTree = SDKROOT; };
		84DE1090198603860058C5B4 /* UIKit.framework */ = {isa = PBXFileReference; lastKnownFileType = wrapper.framework; name = UIKit.framework; path = System/Library/Frameworks/UIKit.framework; sourceTree = SDKROOT; };
		84DE1094198603860058C5B4 /* chgk-Info.plist */ = {isa = PBXFileReference; lastKnownFileType = text.plist.xml; path = "chgk-Info.plist"; sourceTree = "<group>"; };
		84DE1096198603860058C5B4 /* en */ = {isa = PBXFileReference; lastKnownFileType = text.plist.strings; name = en; path = en.lproj/InfoPlist.strings; sourceTree = "<group>"; };
		84DE1098198603860058C5B4 /* main.m */ = {isa = PBXFileReference; lastKnownFileType = sourcecode.c.objc; path = main.m; sourceTree = "<group>"; };
		84DE109A198603860058C5B4 /* chgk-Prefix.pch */ = {isa = PBXFileReference; lastKnownFileType = sourcecode.c.h; path = "chgk-Prefix.pch"; sourceTree = "<group>"; };
		84DE109B198603860058C5B4 /* AppDelegate.h */ = {isa = PBXFileReference; lastKnownFileType = sourcecode.c.h; path = AppDelegate.h; sourceTree = "<group>"; };
		84DE109C198603860058C5B4 /* AppDelegate.m */ = {isa = PBXFileReference; lastKnownFileType = sourcecode.c.objc; path = AppDelegate.m; sourceTree = "<group>"; };
		84DE109E198603860058C5B4 /* Images.xcassets */ = {isa = PBXFileReference; lastKnownFileType = folder.assetcatalog; path = Images.xcassets; sourceTree = "<group>"; };
		84DE10A4198603860058C5B4 /* chgkTests.xctest */ = {isa = PBXFileReference; explicitFileType = wrapper.cfbundle; includeInIndex = 0; path = chgkTests.xctest; sourceTree = BUILT_PRODUCTS_DIR; };
		84DE10A5198603860058C5B4 /* XCTest.framework */ = {isa = PBXFileReference; lastKnownFileType = wrapper.framework; name = XCTest.framework; path = Library/Frameworks/XCTest.framework; sourceTree = DEVELOPER_DIR; };
		84DE10AD198603860058C5B4 /* chgkTests-Info.plist */ = {isa = PBXFileReference; lastKnownFileType = text.plist.xml; path = "chgkTests-Info.plist"; sourceTree = "<group>"; };
		84DE10AF198603860058C5B4 /* en */ = {isa = PBXFileReference; lastKnownFileType = text.plist.strings; name = en; path = en.lproj/InfoPlist.strings; sourceTree = "<group>"; };
		84DE10B1198603860058C5B4 /* chgkTests.m */ = {isa = PBXFileReference; lastKnownFileType = sourcecode.c.objc; path = chgkTests.m; sourceTree = "<group>"; };
/* End PBXFileReference section */

/* Begin PBXFrameworksBuildPhase section */
		84DE1086198603860058C5B4 /* Frameworks */ = {
			isa = PBXFrameworksBuildPhase;
			buildActionMask = 2147483647;
			files = (
				842E5BDF1998ADA00062E582 /* libsqlite3.0.dylib in Frameworks */,
				80C8B8531990F8010080290F /* SystemConfiguration.framework in Frameworks */,
				80C8B8511990F7FB0080290F /* StoreKit.framework in Frameworks */,
				80C8B84F1990F7F50080290F /* Security.framework in Frameworks */,
				80C8B84D1990F7EE0080290F /* QuartzCore.framework in Frameworks */,
				80C8B84B1990F7E90080290F /* MobileCoreServices.framework in Frameworks */,
				80C8B8491990F7E40080290F /* libz.dylib in Frameworks */,
				80C8B8471990F7DB0080290F /* CoreLocation.framework in Frameworks */,
				84DE108F198603860058C5B4 /* CoreGraphics.framework in Frameworks */,
				80C8B8451990F7CD0080290F /* CFNetwork.framework in Frameworks */,
				80C8B8431990F7C70080290F /* AudioToolbox.framework in Frameworks */,
				84DE1091198603860058C5B4 /* UIKit.framework in Frameworks */,
				80C8B8411990F7A30080290F /* Parse.framework in Frameworks */,
				84DE108D198603860058C5B4 /* Foundation.framework in Frameworks */,
			);
			runOnlyForDeploymentPostprocessing = 0;
		};
		84DE10A1198603860058C5B4 /* Frameworks */ = {
			isa = PBXFrameworksBuildPhase;
			buildActionMask = 2147483647;
			files = (
				84DE10A6198603860058C5B4 /* XCTest.framework in Frameworks */,
				84DE10A8198603860058C5B4 /* UIKit.framework in Frameworks */,
				84DE10A7198603860058C5B4 /* Foundation.framework in Frameworks */,
			);
			runOnlyForDeploymentPostprocessing = 0;
		};
/* End PBXFrameworksBuildPhase section */

/* Begin PBXGroup section */
		80C8B8861998E0490080290F /* fmdb */ = {
			isa = PBXGroup;
			children = (
				80C8B8871998E0490080290F /* FMDatabase.h */,
				80C8B8881998E0490080290F /* FMDatabase.m */,
				80C8B8891998E0490080290F /* FMDatabaseAdditions.h */,
				80C8B88A1998E0490080290F /* FMDatabaseAdditions.m */,
				80C8B88B1998E0490080290F /* FMDatabasePool.h */,
				80C8B88C1998E0490080290F /* FMDatabasePool.m */,
				80C8B88D1998E0490080290F /* FMDatabaseQueue.h */,
				80C8B88E1998E0490080290F /* FMDatabaseQueue.m */,
				80C8B88F1998E0490080290F /* FMDB.h */,
				80C8B8901998E0490080290F /* FMResultSet.h */,
				80C8B8911998E0490080290F /* FMResultSet.m */,
			);
			path = fmdb;
			sourceTree = "<group>";
		};
		80C8B8A7199A16810080290F /* Pictures */ = {
			isa = PBXGroup;
			children = (
				10793869199A7BA800E0E043 /* fb.png */,
				1079386A199A7BA800E0E043 /* fb@2x.png */,
				10793867199A7B9B00E0E043 /* Twitter.png */,
				849F745B1990D7760051CF7E /* timerIcon.png */,
				849F745C1990D7760051CF7E /* timerIcon@2x.png */,
				80C8B89F199A0C530080290F /* OK.png */,
				80C8B8A0199A0C530080290F /* OK@2x.png */,
				80C8B8A1199A0C530080290F /* Wrong.png */,
				80C8B8A2199A0C530080290F /* Wrong@2x.png */,
			);
			name = Pictures;
			sourceTree = "<group>";
		};
		84DE1080198603860058C5B4 = {
			isa = PBXGroup;
			children = (
				84DE1092198603860058C5B4 /* chgk */,
				84DE10AB198603860058C5B4 /* chgkTests */,
				84DE108B198603860058C5B4 /* Frameworks */,
				84DE108A198603860058C5B4 /* Products */,
			);
			sourceTree = "<group>";
		};
		84DE108A198603860058C5B4 /* Products */ = {
			isa = PBXGroup;
			children = (
				84DE1089198603860058C5B4 /* chgk.app */,
				84DE10A4198603860058C5B4 /* chgkTests.xctest */,
			);
			name = Products;
			sourceTree = "<group>";
		};
		84DE108B198603860058C5B4 /* Frameworks */ = {
			isa = PBXGroup;
			children = (
				842E5BDE1998ADA00062E582 /* libsqlite3.0.dylib */,
				80C8B8521990F8010080290F /* SystemConfiguration.framework */,
				80C8B8501990F7FB0080290F /* StoreKit.framework */,
				80C8B84E1990F7F50080290F /* Security.framework */,
				80C8B84C1990F7EE0080290F /* QuartzCore.framework */,
				80C8B84A1990F7E90080290F /* MobileCoreServices.framework */,
				80C8B8481990F7E40080290F /* libz.dylib */,
				80C8B8461990F7DB0080290F /* CoreLocation.framework */,
				80C8B8441990F7CD0080290F /* CFNetwork.framework */,
				80C8B8421990F7C70080290F /* AudioToolbox.framework */,
				80C8B8401990F7A30080290F /* Parse.framework */,
				84DE108C198603860058C5B4 /* Foundation.framework */,
				84DE108E198603860058C5B4 /* CoreGraphics.framework */,
				84DE1090198603860058C5B4 /* UIKit.framework */,
				84DE10A5198603860058C5B4 /* XCTest.framework */,
			);
			name = Frameworks;
			sourceTree = "<group>";
		};
		84DE1092198603860058C5B4 /* chgk */ = {
			isa = PBXGroup;
			children = (
				80C8B8861998E0490080290F /* fmdb */,
				84DE109B198603860058C5B4 /* AppDelegate.h */,
				84DE109C198603860058C5B4 /* AppDelegate.m */,
				80C8B8541990FCA50080290F /* Question.h */,
				80C8B8551990FCA50080290F /* Question.m */,
				80C8B8621992351B0080290F /* OneRound.h */,
				80C8B8631992351B0080290F /* OneRound.m */,
				849F74561990C5A40051CF7E /* QuestionVC.h */,
				849F74571990C5A40051CF7E /* QuestionVC.m */,
				849F74581990C5A40051CF7E /* QuestionVC.xib */,
				80C8B85D199212310080290F /* AnswerVC.h */,
				80C8B85E199212310080290F /* AnswerVC.m */,
				80C8B85F199212310080290F /* AnswerVC.xib */,
				8498040A199B7C9900AE3E6F /* showQuestionVC.h */,
				8498040B199B7C9900AE3E6F /* showQuestionVC.m */,
				8498040C199B7C9900AE3E6F /* showQuestionVC.xib */,
				842E5BF0199A02540062E582 /* FinalVC.h */,
				842E5BF1199A02540062E582 /* FinalVC.m */,
				842E5BF2199A02540062E582 /* FinalVC.xib */,
				84980406199B671000AE3E6F /* favorite.png */,
				84980407199B671000AE3E6F /* favorite_on.png */,
				80C8B85C1991F8290080290F /* ContinueDelegate.h */,
				842E5BC11998AAD70062E582 /* DB.h */,
				842E5BC21998AAD70062E582 /* DB.m */,
				80C8B8571991019A0080290F /* MenuVC.h */,
				80C8B8581991019A0080290F /* MenuVC.m */,
				80C8B8591991019A0080290F /* MenuVC.xib */,
				84DE109E198603860058C5B4 /* Images.xcassets */,
				80C8B89A1999C81B0080290F /* FavoriteVC.h */,
				80C8B89B1999C81B0080290F /* FavoriteVC.m */,
				80C8B89C1999C81B0080290F /* FavoriteVC.xib */,
				80C8B8A8199A2DFB0080290F /* FullQuestionInfoVC.h */,
				80C8B8A9199A2DFB0080290F /* FullQuestionInfoVC.m */,
				80C8B8AA199A2DFB0080290F /* FullQuestionInfoVC.xib */,
				80C8B8A7199A16810080290F /* Pictures */,
				84DE1093198603860058C5B4 /* Supporting Files */,
			);
			path = chgk;
			sourceTree = "<group>";
		};
		84DE1093198603860058C5B4 /* Supporting Files */ = {
			isa = PBXGroup;
			children = (
				84DE1094198603860058C5B4 /* chgk-Info.plist */,
				84DE1095198603860058C5B4 /* InfoPlist.strings */,
				84DE1098198603860058C5B4 /* main.m */,
				84DE109A198603860058C5B4 /* chgk-Prefix.pch */,
			);
			name = "Supporting Files";
			sourceTree = "<group>";
		};
		84DE10AB198603860058C5B4 /* chgkTests */ = {
			isa = PBXGroup;
			children = (
				84DE10B1198603860058C5B4 /* chgkTests.m */,
				84DE10AC198603860058C5B4 /* Supporting Files */,
			);
			path = chgkTests;
			sourceTree = "<group>";
		};
		84DE10AC198603860058C5B4 /* Supporting Files */ = {
			isa = PBXGroup;
			children = (
				84DE10AD198603860058C5B4 /* chgkTests-Info.plist */,
				84DE10AE198603860058C5B4 /* InfoPlist.strings */,
			);
			name = "Supporting Files";
			sourceTree = "<group>";
		};
/* End PBXGroup section */

/* Begin PBXNativeTarget section */
		84DE1088198603860058C5B4 /* chgk */ = {
			isa = PBXNativeTarget;
			buildConfigurationList = 84DE10B5198603860058C5B4 /* Build configuration list for PBXNativeTarget "chgk" */;
			buildPhases = (
				84DE1085198603860058C5B4 /* Sources */,
				84DE1086198603860058C5B4 /* Frameworks */,
				84DE1087198603860058C5B4 /* Resources */,
			);
			buildRules = (
			);
			dependencies = (
			);
			name = chgk;
			productName = chgk;
			productReference = 84DE1089198603860058C5B4 /* chgk.app */;
			productType = "com.apple.product-type.application";
		};
		84DE10A3198603860058C5B4 /* chgkTests */ = {
			isa = PBXNativeTarget;
			buildConfigurationList = 84DE10B8198603860058C5B4 /* Build configuration list for PBXNativeTarget "chgkTests" */;
			buildPhases = (
				84DE10A0198603860058C5B4 /* Sources */,
				84DE10A1198603860058C5B4 /* Frameworks */,
				84DE10A2198603860058C5B4 /* Resources */,
			);
			buildRules = (
			);
			dependencies = (
				84DE10AA198603860058C5B4 /* PBXTargetDependency */,
			);
			name = chgkTests;
			productName = chgkTests;
			productReference = 84DE10A4198603860058C5B4 /* chgkTests.xctest */;
			productType = "com.apple.product-type.bundle.unit-test";
		};
/* End PBXNativeTarget section */

/* Begin PBXProject section */
		84DE1081198603860058C5B4 /* Project object */ = {
			isa = PBXProject;
			attributes = {
				LastUpgradeCheck = 0510;
				ORGANIZATIONNAME = "___FULLUSERNAME___";
				TargetAttributes = {
					84DE10A3198603860058C5B4 = {
						TestTargetID = 84DE1088198603860058C5B4;
					};
				};
			};
			buildConfigurationList = 84DE1084198603860058C5B4 /* Build configuration list for PBXProject "chgk" */;
			compatibilityVersion = "Xcode 3.2";
			developmentRegion = English;
			hasScannedForEncodings = 0;
			knownRegions = (
				en,
			);
			mainGroup = 84DE1080198603860058C5B4;
			productRefGroup = 84DE108A198603860058C5B4 /* Products */;
			projectDirPath = "";
			projectRoot = "";
			targets = (
				84DE1088198603860058C5B4 /* chgk */,
				84DE10A3198603860058C5B4 /* chgkTests */,
			);
		};
/* End PBXProject section */

/* Begin PBXResourcesBuildPhase section */
		84DE1087198603860058C5B4 /* Resources */ = {
			isa = PBXResourcesBuildPhase;
			buildActionMask = 2147483647;
			files = (
				80C8B89E1999C81B0080290F /* FavoriteVC.xib in Resources */,
				1079386B199A7BA800E0E043 /* fb.png in Resources */,
				849F745A1990C5A40051CF7E /* QuestionVC.xib in Resources */,
				849F745E1990D7760051CF7E /* timerIcon@2x.png in Resources */,
				10793868199A7B9B00E0E043 /* Twitter.png in Resources */,
				8498040E199B7C9900AE3E6F /* showQuestionVC.xib in Resources */,
				84DE1097198603860058C5B4 /* InfoPlist.strings in Resources */,
				80C8B85B1991019A0080290F /* MenuVC.xib in Resources */,
				84980408199B671000AE3E6F /* favorite.png in Resources */,
				80C8B8A5199A0C530080290F /* Wrong.png in Resources */,
				80C8B8A3199A0C530080290F /* OK.png in Resources */,
				80C8B8AC199A2DFB0080290F /* FullQuestionInfoVC.xib in Resources */,
				849F745D1990D7760051CF7E /* timerIcon.png in Resources */,
				1079386C199A7BA800E0E043 /* fb@2x.png in Resources */,
				84980409199B671000AE3E6F /* favorite_on.png in Resources */,
				842E5BF4199A02550062E582 /* FinalVC.xib in Resources */,
				80C8B861199212310080290F /* AnswerVC.xib in Resources */,
				84DE109F198603860058C5B4 /* Images.xcassets in Resources */,
				80C8B8A4199A0C530080290F /* OK@2x.png in Resources */,
				80C8B8A6199A0C530080290F /* Wrong@2x.png in Resources */,
			);
			runOnlyForDeploymentPostprocessing = 0;
		};
		84DE10A2198603860058C5B4 /* Resources */ = {
			isa = PBXResourcesBuildPhase;
			buildActionMask = 2147483647;
			files = (
				84DE10B0198603860058C5B4 /* InfoPlist.strings in Resources */,
			);
			runOnlyForDeploymentPostprocessing = 0;
		};
/* End PBXResourcesBuildPhase section */

/* Begin PBXSourcesBuildPhase section */
		84DE1085198603860058C5B4 /* Sources */ = {
			isa = PBXSourcesBuildPhase;
			buildActionMask = 2147483647;
			files = (
				8498040D199B7C9900AE3E6F /* showQuestionVC.m in Sources */,
				849F74591990C5A40051CF7E /* QuestionVC.m in Sources */,
				80C8B8561990FCA50080290F /* Question.m in Sources */,
				80C8B860199212310080290F /* AnswerVC.m in Sources */,
				80C8B8921998E0490080290F /* FMDatabase.m in Sources */,
				84DE109D198603860058C5B4 /* AppDelegate.m in Sources */,
				80C8B8951998E0490080290F /* FMDatabaseQueue.m in Sources */,
				80C8B8961998E0490080290F /* FMResultSet.m in Sources */,
				80C8B8941998E0490080290F /* FMDatabasePool.m in Sources */,
				80C8B85A1991019A0080290F /* MenuVC.m in Sources */,
				842E5BF3199A02550062E582 /* FinalVC.m in Sources */,
				842E5BC31998AAD70062E582 /* DB.m in Sources */,
				80C8B8641992351B0080290F /* OneRound.m in Sources */,
				84DE1099198603860058C5B4 /* main.m in Sources */,
				80C8B89D1999C81B0080290F /* FavoriteVC.m in Sources */,
				80C8B8931998E0490080290F /* FMDatabaseAdditions.m in Sources */,
				80C8B8AB199A2DFB0080290F /* FullQuestionInfoVC.m in Sources */,
			);
			runOnlyForDeploymentPostprocessing = 0;
		};
		84DE10A0198603860058C5B4 /* Sources */ = {
			isa = PBXSourcesBuildPhase;
			buildActionMask = 2147483647;
			files = (
				84DE10B2198603860058C5B4 /* chgkTests.m in Sources */,
			);
			runOnlyForDeploymentPostprocessing = 0;
		};
/* End PBXSourcesBuildPhase section */

/* Begin PBXTargetDependency section */
		84DE10AA198603860058C5B4 /* PBXTargetDependency */ = {
			isa = PBXTargetDependency;
			target = 84DE1088198603860058C5B4 /* chgk */;
			targetProxy = 84DE10A9198603860058C5B4 /* PBXContainerItemProxy */;
		};
/* End PBXTargetDependency section */

/* Begin PBXVariantGroup section */
		84DE1095198603860058C5B4 /* InfoPlist.strings */ = {
			isa = PBXVariantGroup;
			children = (
				84DE1096198603860058C5B4 /* en */,
			);
			name = InfoPlist.strings;
			sourceTree = "<group>";
		};
		84DE10AE198603860058C5B4 /* InfoPlist.strings */ = {
			isa = PBXVariantGroup;
			children = (
				84DE10AF198603860058C5B4 /* en */,
			);
			name = InfoPlist.strings;
			sourceTree = "<group>";
		};
/* End PBXVariantGroup section */

/* Begin XCBuildConfiguration section */
		84DE10B3198603860058C5B4 /* Debug */ = {
			isa = XCBuildConfiguration;
			buildSettings = {
				ALWAYS_SEARCH_USER_PATHS = NO;
				CLANG_CXX_LANGUAGE_STANDARD = "gnu++0x";
				CLANG_CXX_LIBRARY = "libc++";
				CLANG_ENABLE_MODULES = YES;
				CLANG_ENABLE_OBJC_ARC = YES;
				CLANG_WARN_BOOL_CONVERSION = YES;
				CLANG_WARN_CONSTANT_CONVERSION = YES;
				CLANG_WARN_DIRECT_OBJC_ISA_USAGE = YES_ERROR;
				CLANG_WARN_EMPTY_BODY = YES;
				CLANG_WARN_ENUM_CONVERSION = YES;
				CLANG_WARN_INT_CONVERSION = YES;
				CLANG_WARN_OBJC_ROOT_CLASS = YES_ERROR;
				CLANG_WARN__DUPLICATE_METHOD_MATCH = YES;
				"CODE_SIGN_IDENTITY[sdk=iphoneos*]" = "iPhone Developer";
				COPY_PHASE_STRIP = NO;
				GCC_C_LANGUAGE_STANDARD = gnu99;
				GCC_DYNAMIC_NO_PIC = NO;
				GCC_OPTIMIZATION_LEVEL = 0;
				GCC_PREPROCESSOR_DEFINITIONS = (
					"DEBUG=1",
					"$(inherited)",
				);
				GCC_SYMBOLS_PRIVATE_EXTERN = NO;
				GCC_WARN_64_TO_32_BIT_CONVERSION = YES;
				GCC_WARN_ABOUT_RETURN_TYPE = YES_ERROR;
				GCC_WARN_UNDECLARED_SELECTOR = YES;
				GCC_WARN_UNINITIALIZED_AUTOS = YES_AGGRESSIVE;
				GCC_WARN_UNUSED_FUNCTION = YES;
				GCC_WARN_UNUSED_VARIABLE = YES;
				IPHONEOS_DEPLOYMENT_TARGET = 7.1;
				ONLY_ACTIVE_ARCH = YES;
				SDKROOT = iphoneos;
				TARGETED_DEVICE_FAMILY = "1,2";
			};
			name = Debug;
		};
		84DE10B4198603860058C5B4 /* Release */ = {
			isa = XCBuildConfiguration;
			buildSettings = {
				ALWAYS_SEARCH_USER_PATHS = NO;
				CLANG_CXX_LANGUAGE_STANDARD = "gnu++0x";
				CLANG_CXX_LIBRARY = "libc++";
				CLANG_ENABLE_MODULES = YES;
				CLANG_ENABLE_OBJC_ARC = YES;
				CLANG_WARN_BOOL_CONVERSION = YES;
				CLANG_WARN_CONSTANT_CONVERSION = YES;
				CLANG_WARN_DIRECT_OBJC_ISA_USAGE = YES_ERROR;
				CLANG_WARN_EMPTY_BODY = YES;
				CLANG_WARN_ENUM_CONVERSION = YES;
				CLANG_WARN_INT_CONVERSION = YES;
				CLANG_WARN_OBJC_ROOT_CLASS = YES_ERROR;
				CLANG_WARN__DUPLICATE_METHOD_MATCH = YES;
				"CODE_SIGN_IDENTITY[sdk=iphoneos*]" = "iPhone Developer";
				COPY_PHASE_STRIP = YES;
				ENABLE_NS_ASSERTIONS = NO;
				GCC_C_LANGUAGE_STANDARD = gnu99;
				GCC_WARN_64_TO_32_BIT_CONVERSION = YES;
				GCC_WARN_ABOUT_RETURN_TYPE = YES_ERROR;
				GCC_WARN_UNDECLARED_SELECTOR = YES;
				GCC_WARN_UNINITIALIZED_AUTOS = YES_AGGRESSIVE;
				GCC_WARN_UNUSED_FUNCTION = YES;
				GCC_WARN_UNUSED_VARIABLE = YES;
				IPHONEOS_DEPLOYMENT_TARGET = 7.1;
				ONLY_ACTIVE_ARCH = NO;
				SDKROOT = iphoneos;
				TARGETED_DEVICE_FAMILY = "1,2";
				VALIDATE_PRODUCT = YES;
			};
			name = Release;
		};
		84DE10B6198603860058C5B4 /* Debug */ = {
			isa = XCBuildConfiguration;
			buildSettings = {
				ASSETCATALOG_COMPILER_APPICON_NAME = AppIcon;
				ASSETCATALOG_COMPILER_LAUNCHIMAGE_NAME = LaunchImage;
				FRAMEWORK_SEARCH_PATHS = (
					"$(inherited)",
					"$(PROJECT_DIR)",
				);
				GCC_PRECOMPILE_PREFIX_HEADER = YES;
				GCC_PREFIX_HEADER = "chgk/chgk-Prefix.pch";
				INFOPLIST_FILE = "chgk/chgk-Info.plist";
				PRODUCT_NAME = "$(TARGET_NAME)";
				WRAPPER_EXTENSION = app;
			};
			name = Debug;
		};
		84DE10B7198603860058C5B4 /* Release */ = {
			isa = XCBuildConfiguration;
			buildSettings = {
				ASSETCATALOG_COMPILER_APPICON_NAME = AppIcon;
				ASSETCATALOG_COMPILER_LAUNCHIMAGE_NAME = LaunchImage;
				FRAMEWORK_SEARCH_PATHS = (
					"$(inherited)",
					"$(PROJECT_DIR)",
				);
				GCC_PRECOMPILE_PREFIX_HEADER = YES;
				GCC_PREFIX_HEADER = "chgk/chgk-Prefix.pch";
				INFOPLIST_FILE = "chgk/chgk-Info.plist";
				PRODUCT_NAME = "$(TARGET_NAME)";
				WRAPPER_EXTENSION = app;
			};
			name = Release;
		};
		84DE10B9198603860058C5B4 /* Debug */ = {
			isa = XCBuildConfiguration;
			buildSettings = {
				BUNDLE_LOADER = "$(BUILT_PRODUCTS_DIR)/chgk.app/chgk";
				FRAMEWORK_SEARCH_PATHS = (
					"$(SDKROOT)/Developer/Library/Frameworks",
					"$(inherited)",
					"$(DEVELOPER_FRAMEWORKS_DIR)",
				);
				GCC_PRECOMPILE_PREFIX_HEADER = YES;
				GCC_PREFIX_HEADER = "chgk/chgk-Prefix.pch";
				GCC_PREPROCESSOR_DEFINITIONS = (
					"DEBUG=1",
					"$(inherited)",
				);
				INFOPLIST_FILE = "chgkTests/chgkTests-Info.plist";
				PRODUCT_NAME = "$(TARGET_NAME)";
				TEST_HOST = "$(BUNDLE_LOADER)";
				WRAPPER_EXTENSION = xctest;
			};
			name = Debug;
		};
		84DE10BA198603860058C5B4 /* Release */ = {
			isa = XCBuildConfiguration;
			buildSettings = {
				BUNDLE_LOADER = "$(BUILT_PRODUCTS_DIR)/chgk.app/chgk";
				FRAMEWORK_SEARCH_PATHS = (
					"$(SDKROOT)/Developer/Library/Frameworks",
					"$(inherited)",
					"$(DEVELOPER_FRAMEWORKS_DIR)",
				);
				GCC_PRECOMPILE_PREFIX_HEADER = YES;
				GCC_PREFIX_HEADER = "chgk/chgk-Prefix.pch";
				INFOPLIST_FILE = "chgkTests/chgkTests-Info.plist";
				PRODUCT_NAME = "$(TARGET_NAME)";
				TEST_HOST = "$(BUNDLE_LOADER)";
				WRAPPER_EXTENSION = xctest;
			};
			name = Release;
		};
/* End XCBuildConfiguration section */

/* Begin XCConfigurationList section */
		84DE1084198603860058C5B4 /* Build configuration list for PBXProject "chgk" */ = {
			isa = XCConfigurationList;
			buildConfigurations = (
				84DE10B3198603860058C5B4 /* Debug */,
				84DE10B4198603860058C5B4 /* Release */,
			);
			defaultConfigurationIsVisible = 0;
			defaultConfigurationName = Release;
		};
		84DE10B5198603860058C5B4 /* Build configuration list for PBXNativeTarget "chgk" */ = {
			isa = XCConfigurationList;
			buildConfigurations = (
				84DE10B6198603860058C5B4 /* Debug */,
				84DE10B7198603860058C5B4 /* Release */,
			);
			defaultConfigurationIsVisible = 0;
			defaultConfigurationName = Release;
		};
		84DE10B8198603860058C5B4 /* Build configuration list for PBXNativeTarget "chgkTests" */ = {
			isa = XCConfigurationList;
			buildConfigurations = (
				84DE10B9198603860058C5B4 /* Debug */,
				84DE10BA198603860058C5B4 /* Release */,
			);
			defaultConfigurationIsVisible = 0;
			defaultConfigurationName = Release;
		};
/* End XCConfigurationList section */
	};
	rootObject = 84DE1081198603860058C5B4 /* Project object */;
}
